
Microsoft Visual Studio Solution File, Format Version 12.00
# Visual Studio Version 17
VisualStudioVersion = 17.14.36310.24
MinimumVisualStudioVersion = 10.0.40219.1
Project("{FAE04EC0-301F-11D3-BF4B-00C04F79EFBC}") = "ECOS_WebAPI", "ECOS_WebAPI\ECOS_WebAPI.csproj", "{C0054D67-BFE9-4750-9D4C-4ABE5C959CEB}"
EndProject
Global
	GlobalSection(SolutionConfigurationPlatforms) = preSolution
		Debug|Any CPU = Debug|Any CPU
		Release|Any CPU = Release|Any CPU
	EndGlobalSection
	GlobalSection(ProjectConfigurationPlatforms) = postSolution
		{C0054D67-BFE9-4750-9D4C-4ABE5C959CEB}.Debug|Any CPU.ActiveCfg = Debug|Any CPU
		{C0054D67-BFE9-4750-9D4C-4ABE5C959CEB}.Debug|Any CPU.Build.0 = Debug|Any CPU
		{C0054D67-BFE9-4750-9D4C-4ABE5C959CEB}.Release|Any CPU.ActiveCfg = Release|Any CPU
		{C0054D67-BFE9-4750-9D4C-4ABE5C959CEB}.Release|Any CPU.Build.0 = Release|Any CPU
	EndGlobalSection
	GlobalSection(SolutionProperties) = preSolution
		HideSolutionNode = FALSE
	EndGlobalSection
	GlobalSection(ExtensibilityGlobals) = postSolution
		SolutionGuid = {0D241C5B-1632-4B36-BC07-1BED8130DCB8}
	EndGlobalSection
EndGlobal
